{
  "name": "raiola",
  "version": "0.4.8",
  "lockfileVersion": 3,
  "requires": true,
  "packages": {
    "": {
      "name": "raiola",
      "version": "0.4.8",
      "license": "MIT",
      "bin": {
        "rai": "bin/rai.js",
        "raiola": "bin/raiola.js",
        "raiola-mcp": "bin/raiola-mcp.js",
        "raiola-on": "bin/raiola-on.js"
      },
      "engines": {
        "node": ">=22"
      }
    }
  }
}
